
Microsoft Visual Studio Solution File, Format Version 12.00
# Visual Studio Version 17
VisualStudioVersion = 17.0.32112.339
MinimumVisualStudioVersion = 10.0.40219.1
Project("{FAE04EC0-301F-11D3-BF4B-00C04F79EFBC}") = "Scanner", "Scanner.csproj", "{3ACD75A4-8064-460B-A686-7DA52CABD3F0}"
EndProject
Project("{C7167F0D-BC9F-4E6E-AFE1-012C56B48DB5}") = "Scanner.Package", "..\Scanner.Package\Scanner.Package.wapproj", "{1B39989E-060F-40D3-8371-F20F4CCA2BC9}"
EndProject
Project("{FAE04EC0-301F-11D3-BF4B-00C04F79EFBC}") = "ImageToPDF", "..\ImageToPDF\ImageToPDF.csproj", "{CCFEFACF-B58E-4600-B906-02BC7EB041E8}"
EndProject
Project("{FAE04EC0-301F-11D3-BF4B-00C04F79EFBC}") = "UnitTests", "..\UnitTests\UnitTests.csproj", "{13C75332-B638-4D4B-96DA-7C29366FD657}"
EndProject
Global
	GlobalSection(SolutionConfigurationPlatforms) = preSolution
		Debug|Any CPU = Debug|Any CPU
		Debug|ARM = Debug|ARM
		Debug|ARM64 = Debug|ARM64
		Debug|x64 = Debug|x64
		Debug|x86 = Debug|x86
		Release|Any CPU = Release|Any CPU
		Release|ARM = Release|ARM
		Release|ARM64 = Release|ARM64
		Release|x64 = Release|x64
		Release|x86 = Release|x86
	EndGlobalSection
	GlobalSection(ProjectConfigurationPlatforms) = postSolution
		{3ACD75A4-8064-460B-A686-7DA52CABD3F0}.Debug|Any CPU.ActiveCfg = Debug|x86
		{3ACD75A4-8064-460B-A686-7DA52CABD3F0}.Debug|ARM.ActiveCfg = Debug|ARM
		{3ACD75A4-8064-460B-A686-7DA52CABD3F0}.Debug|ARM.Build.0 = Debug|ARM
		{3ACD75A4-8064-460B-A686-7DA52CABD3F0}.Debug|ARM.Deploy.0 = Debug|ARM
		{3ACD75A4-8064-460B-A686-7DA52CABD3F0}.Debug|ARM64.ActiveCfg = Debug|ARM64
		{3ACD75A4-8064-460B-A686-7DA52CABD3F0}.Debug|ARM64.Build.0 = Debug|ARM64
		{3ACD75A4-8064-460B-A686-7DA52CABD3F0}.Debug|ARM64.Deploy.0 = Debug|ARM64
		{3ACD75A4-8064-460B-A686-7DA52CABD3F0}.Debug|x64.ActiveCfg = Debug|x64
		{3ACD75A4-8064-460B-A686-7DA52CABD3F0}.Debug|x64.Build.0 = Debug|x64
		{3ACD75A4-8064-460B-A686-7DA52CABD3F0}.Debug|x64.Deploy.0 = Debug|x64
		{3ACD75A4-8064-460B-A686-7DA52CABD3F0}.Debug|x86.ActiveCfg = Debug|x86
		{3ACD75A4-8064-460B-A686-7DA52CABD3F0}.Debug|x86.Build.0 = Debug|x86
		{3ACD75A4-8064-460B-A686-7DA52CABD3F0}.Debug|x86.Deploy.0 = Debug|x86
		{3ACD75A4-8064-460B-A686-7DA52CABD3F0}.Release|Any CPU.ActiveCfg = Release|x86
		{3ACD75A4-8064-460B-A686-7DA52CABD3F0}.Release|ARM.ActiveCfg = Release|ARM
		{3ACD75A4-8064-460B-A686-7DA52CABD3F0}.Release|ARM.Build.0 = Release|ARM
		{3ACD75A4-8064-460B-A686-7DA52CABD3F0}.Release|ARM.Deploy.0 = Release|ARM
		{3ACD75A4-8064-460B-A686-7DA52CABD3F0}.Release|ARM64.ActiveCfg = Release|ARM64
		{3ACD75A4-8064-460B-A686-7DA52CABD3F0}.Release|ARM64.Build.0 = Release|ARM64
		{3ACD75A4-8064-460B-A686-7DA52CABD3F0}.Release|ARM64.Deploy.0 = Release|ARM64
		{3ACD75A4-8064-460B-A686-7DA52CABD3F0}.Release|x64.ActiveCfg = Release|x64
		{3ACD75A4-8064-460B-A686-7DA52CABD3F0}.Release|x64.Build.0 = Release|x64
		{3ACD75A4-8064-460B-A686-7DA52CABD3F0}.Release|x64.Deploy.0 = Release|x64
		{3ACD75A4-8064-460B-A686-7DA52CABD3F0}.Release|x86.ActiveCfg = Release|x86
		{3ACD75A4-8064-460B-A686-7DA52CABD3F0}.Release|x86.Build.0 = Release|x86
		{3ACD75A4-8064-460B-A686-7DA52CABD3F0}.Release|x86.Deploy.0 = Release|x86
		{1B39989E-060F-40D3-8371-F20F4CCA2BC9}.Debug|Any CPU.ActiveCfg = Debug|Any CPU
		{1B39989E-060F-40D3-8371-F20F4CCA2BC9}.Debug|Any CPU.Build.0 = Debug|Any CPU
		{1B39989E-060F-40D3-8371-F20F4CCA2BC9}.Debug|Any CPU.Deploy.0 = Debug|Any CPU
		{1B39989E-060F-40D3-8371-F20F4CCA2BC9}.Debug|ARM.ActiveCfg = Debug|ARM
		{1B39989E-060F-40D3-8371-F20F4CCA2BC9}.Debug|ARM.Build.0 = Debug|ARM
		{1B39989E-060F-40D3-8371-F20F4CCA2BC9}.Debug|ARM.Deploy.0 = Debug|ARM
		{1B39989E-060F-40D3-8371-F20F4CCA2BC9}.Debug|ARM64.ActiveCfg = Debug|ARM64
		{1B39989E-060F-40D3-8371-F20F4CCA2BC9}.Debug|ARM64.Build.0 = Debug|ARM64
		{1B39989E-060F-40D3-8371-F20F4CCA2BC9}.Debug|ARM64.Deploy.0 = Debug|ARM64
		{1B39989E-060F-40D3-8371-F20F4CCA2BC9}.Debug|x64.ActiveCfg = Debug|x64
		{1B39989E-060F-40D3-8371-F20F4CCA2BC9}.Debug|x64.Build.0 = Debug|x64
		{1B39989E-060F-40D3-8371-F20F4CCA2BC9}.Debug|x64.Deploy.0 = Debug|x64
		{1B39989E-060F-40D3-8371-F20F4CCA2BC9}.Debug|x86.ActiveCfg = Debug|x86
		{1B39989E-060F-40D3-8371-F20F4CCA2BC9}.Debug|x86.Build.0 = Debug|x86
		{1B39989E-060F-40D3-8371-F20F4CCA2BC9}.Debug|x86.Deploy.0 = Debug|x86
		{1B39989E-060F-40D3-8371-F20F4CCA2BC9}.Release|Any CPU.ActiveCfg = Release|Any CPU
		{1B39989E-060F-40D3-8371-F20F4CCA2BC9}.Release|Any CPU.Build.0 = Release|Any CPU
		{1B39989E-060F-40D3-8371-F20F4CCA2BC9}.Release|Any CPU.Deploy.0 = Release|Any CPU
		{1B39989E-060F-40D3-8371-F20F4CCA2BC9}.Release|ARM.ActiveCfg = Release|ARM
		{1B39989E-060F-40D3-8371-F20F4CCA2BC9}.Release|ARM.Build.0 = Release|ARM
		{1B39989E-060F-40D3-8371-F20F4CCA2BC9}.Release|ARM.Deploy.0 = Release|ARM
		{1B39989E-060F-40D3-8371-F20F4CCA2BC9}.Release|ARM64.ActiveCfg = Release|ARM64
		{1B39989E-060F-40D3-8371-F20F4CCA2BC9}.Release|ARM64.Build.0 = Release|ARM64
		{1B39989E-060F-40D3-8371-F20F4CCA2BC9}.Release|ARM64.Deploy.0 = Release|ARM64
		{1B39989E-060F-40D3-8371-F20F4CCA2BC9}.Release|x64.ActiveCfg = Release|x64
		{1B39989E-060F-40D3-8371-F20F4CCA2BC9}.Release|x64.Build.0 = Release|x64
		{1B39989E-060F-40D3-8371-F20F4CCA2BC9}.Release|x64.Deploy.0 = Release|x64
		{1B39989E-060F-40D3-8371-F20F4CCA2BC9}.Release|x86.ActiveCfg = Release|x86
		{1B39989E-060F-40D3-8371-F20F4CCA2BC9}.Release|x86.Build.0 = Release|x86
		{1B39989E-060F-40D3-8371-F20F4CCA2BC9}.Release|x86.Deploy.0 = Release|x86
		{CCFEFACF-B58E-4600-B906-02BC7EB041E8}.Debug|Any CPU.ActiveCfg = Debug|Any CPU
		{CCFEFACF-B58E-4600-B906-02BC7EB041E8}.Debug|Any CPU.Build.0 = Debug|Any CPU
		{CCFEFACF-B58E-4600-B906-02BC7EB041E8}.Debug|ARM.ActiveCfg = Debug|Any CPU
		{CCFEFACF-B58E-4600-B906-02BC7EB041E8}.Debug|ARM.Build.0 = Debug|Any CPU
		{CCFEFACF-B58E-4600-B906-02BC7EB041E8}.Debug|ARM64.ActiveCfg = Debug|Any CPU
		{CCFEFACF-B58E-4600-B906-02BC7EB041E8}.Debug|ARM64.Build.0 = Debug|Any CPU
		{CCFEFACF-B58E-4600-B906-02BC7EB041E8}.Debug|x64.ActiveCfg = Debug|Any CPU
		{CCFEFACF-B58E-4600-B906-02BC7EB041E8}.Debug|x64.Build.0 = Debug|Any CPU
		{CCFEFACF-B58E-4600-B906-02BC7EB041E8}.Debug|x86.ActiveCfg = Debug|Any CPU
		{CCFEFACF-B58E-4600-B906-02BC7EB041E8}.Debug|x86.Build.0 = Debug|Any CPU
		{CCFEFACF-B58E-4600-B906-02BC7EB041E8}.Release|Any CPU.ActiveCfg = Release|Any CPU
		{CCFEFACF-B58E-4600-B906-02BC7EB041E8}.Release|Any CPU.Build.0 = Release|Any CPU
		{CCFEFACF-B58E-4600-B906-02BC7EB041E8}.Release|ARM.ActiveCfg = Release|Any CPU
		{CCFEFACF-B58E-4600-B906-02BC7EB041E8}.Release|ARM.Build.0 = Release|Any CPU
		{CCFEFACF-B58E-4600-B906-02BC7EB041E8}.Release|ARM64.ActiveCfg = Release|Any CPU
		{CCFEFACF-B58E-4600-B906-02BC7EB041E8}.Release|ARM64.Build.0 = Release|Any CPU
		{CCFEFACF-B58E-4600-B906-02BC7EB041E8}.Release|x64.ActiveCfg = Release|Any CPU
		{CCFEFACF-B58E-4600-B906-02BC7EB041E8}.Release|x64.Build.0 = Release|Any CPU
		{CCFEFACF-B58E-4600-B906-02BC7EB041E8}.Release|x86.ActiveCfg = Release|Any CPU
		{CCFEFACF-B58E-4600-B906-02BC7EB041E8}.Release|x86.Build.0 = Release|Any CPU
		{13C75332-B638-4D4B-96DA-7C29366FD657}.Debug|Any CPU.ActiveCfg = Debug|x64
		{13C75332-B638-4D4B-96DA-7C29366FD657}.Debug|Any CPU.Build.0 = Debug|x64
		{13C75332-B638-4D4B-96DA-7C29366FD657}.Debug|Any CPU.Deploy.0 = Debug|x64
		{13C75332-B638-4D4B-96DA-7C29366FD657}.Debug|ARM.ActiveCfg = Debug|ARM
		{13C75332-B638-4D4B-96DA-7C29366FD657}.Debug|ARM.Build.0 = Debug|ARM
		{13C75332-B638-4D4B-96DA-7C29366FD657}.Debug|ARM.Deploy.0 = Debug|ARM
		{13C75332-B638-4D4B-96DA-7C29366FD657}.Debug|ARM64.ActiveCfg = Debug|ARM64
		{13C75332-B638-4D4B-96DA-7C29366FD657}.Debug|ARM64.Build.0 = Debug|ARM64
		{13C75332-B638-4D4B-96DA-7C29366FD657}.Debug|ARM64.Deploy.0 = Debug|ARM64
		{13C75332-B638-4D4B-96DA-7C29366FD657}.Debug|x64.ActiveCfg = Debug|x64
		{13C75332-B638-4D4B-96DA-7C29366FD657}.Debug|x86.ActiveCfg = Debug|x86
		{13C75332-B638-4D4B-96DA-7C29366FD657}.Debug|x86.Build.0 = Debug|x86
		{13C75332-B638-4D4B-96DA-7C29366FD657}.Debug|x86.Deploy.0 = Debug|x86
		{13C75332-B638-4D4B-96DA-7C29366FD657}.Release|Any CPU.ActiveCfg = Release|x64
		{13C75332-B638-4D4B-96DA-7C29366FD657}.Release|Any CPU.Build.0 = Release|x64
		{13C75332-B638-4D4B-96DA-7C29366FD657}.Release|Any CPU.Deploy.0 = Release|x64
		{13C75332-B638-4D4B-96DA-7C29366FD657}.Release|ARM.ActiveCfg = Release|ARM
		{13C75332-B638-4D4B-96DA-7C29366FD657}.Release|ARM.Build.0 = Release|ARM
		{13C75332-B638-4D4B-96DA-7C29366FD657}.Release|ARM.Deploy.0 = Release|ARM
		{13C75332-B638-4D4B-96DA-7C29366FD657}.Release|ARM64.ActiveCfg = Release|ARM64
		{13C75332-B638-4D4B-96DA-7C29366FD657}.Release|ARM64.Build.0 = Release|ARM64
		{13C75332-B638-4D4B-96DA-7C29366FD657}.Release|ARM64.Deploy.0 = Release|ARM64
		{13C75332-B638-4D4B-96DA-7C29366FD657}.Release|x64.ActiveCfg = Release|x64
		{13C75332-B638-4D4B-96DA-7C29366FD657}.Release|x64.Build.0 = Release|x64
		{13C75332-B638-4D4B-96DA-7C29366FD657}.Release|x64.Deploy.0 = Release|x64
		{13C75332-B638-4D4B-96DA-7C29366FD657}.Release|x86.ActiveCfg = Release|x86
		{13C75332-B638-4D4B-96DA-7C29366FD657}.Release|x86.Build.0 = Release|x86
		{13C75332-B638-4D4B-96DA-7C29366FD657}.Release|x86.Deploy.0 = Release|x86
	EndGlobalSection
	GlobalSection(SolutionProperties) = preSolution
		HideSolutionNode = FALSE
	EndGlobalSection
	GlobalSection(ExtensibilityGlobals) = postSolution
		SolutionGuid = {FD62A390-2F7F-47B2-B919-D1DC93967260}
	EndGlobalSection
EndGlobal
